
Microsoft Visual Studio Solution File, Format Version 12.00
# Visual Studio 14
VisualStudioVersion = 14.0.25420.1
MinimumVisualStudioVersion = 10.0.40219.1
Project("{FAE04EC0-301F-11D3-BF4B-00C04F79EFBC}") = "Dome", "Dome\Dome.csproj", "{E3A2DE50-6FBD-42CB-9E94-EA47D91D3F7F}"
EndProject
Project("{FAE04EC0-301F-11D3-BF4B-00C04F79EFBC}") = "DomeConsole", "DomeConsole\DomeConsole.csproj", "{B2632D6E-014D-4D83-8CAD-0385DD41B653}"
EndProject
Global
	GlobalSection(SolutionConfigurationPlatforms) = preSolution
		Debug|Any CPU = Debug|Any CPU
		Release|Any CPU = Release|Any CPU
	EndGlobalSection
	GlobalSection(ProjectConfigurationPlatforms) = postSolution
		{E3A2DE50-6FBD-42CB-9E94-EA47D91D3F7F}.Debug|Any CPU.ActiveCfg = Debug|Any CPU
		{E3A2DE50-6FBD-42CB-9E94-EA47D91D3F7F}.Debug|Any CPU.Build.0 = Debug|Any CPU
		{E3A2DE50-6FBD-42CB-9E94-EA47D91D3F7F}.Release|Any CPU.ActiveCfg = Release|Any CPU
		{E3A2DE50-6FBD-42CB-9E94-EA47D91D3F7F}.Release|Any CPU.Build.0 = Release|Any CPU
		{B2632D6E-014D-4D83-8CAD-0385DD41B653}.Debug|Any CPU.ActiveCfg = Debug|Any CPU
		{B2632D6E-014D-4D83-8CAD-0385DD41B653}.Debug|Any CPU.Build.0 = Debug|Any CPU
		{B2632D6E-014D-4D83-8CAD-0385DD41B653}.Release|Any CPU.ActiveCfg = Release|Any CPU
		{B2632D6E-014D-4D83-8CAD-0385DD41B653}.Release|Any CPU.Build.0 = Release|Any CPU
	EndGlobalSection
	GlobalSection(SolutionProperties) = preSolution
		HideSolutionNode = FALSE
	EndGlobalSection
EndGlobal
